
Microsoft Visual Studio Solution File, Format Version 12.00
# Visual Studio Version 17
VisualStudioVersion = 17.9.34723.18
MinimumVisualStudioVersion = 10.0.40219.1
Project("{9A19103F-16F7-4668-BE54-9A1E7A4F7556}") = "api_net8", "api_net8.csproj", "{176A81BB-CBA4-44E3-A0C6-0D672D386812}"
EndProject
Project("{9A19103F-16F7-4668-BE54-9A1E7A4F7556}") = "api_.net8.Common", "..\api_.net8.Common\api_.net8.Common.csproj", "{193DB095-E4CB-420B-830E-B214BB3B1F64}"
EndProject
Project("{9A19103F-16F7-4668-BE54-9A1E7A4F7556}") = "api_net8.Application", "..\api_net8.Application\api_net8.Application.csproj", "{D3F31489-1544-4360-888E-1E0DA40BA8E1}"
EndProject
Project("{9A19103F-16F7-4668-BE54-9A1E7A4F7556}") = "api_net8.Domain", "..\api_net8.Domain\api_net8.Domain.csproj", "{B515B017-23EA-413E-9E3F-B3B1D1AAFD4E}"
EndProject
Project("{9A19103F-16F7-4668-BE54-9A1E7A4F7556}") = "api_net8.Infrastructure", "..\api_net8.Infrastructure\api_net8.Infrastructure.csproj", "{428DEE36-1DA4-4A52-B180-52B284950379}"
EndProject
Project("{9A19103F-16F7-4668-BE54-9A1E7A4F7556}") = "TestApi", "..\TestApi\TestApi.csproj", "{F4293DBB-7C73-4EFA-8BF2-EBDBB90132AE}"
EndProject
Global
	GlobalSection(SolutionConfigurationPlatforms) = preSolution
		Debug|Any CPU = Debug|Any CPU
		Release|Any CPU = Release|Any CPU
	EndGlobalSection
	GlobalSection(ProjectConfigurationPlatforms) = postSolution
		{176A81BB-CBA4-44E3-A0C6-0D672D386812}.Debug|Any CPU.ActiveCfg = Debug|Any CPU
		{176A81BB-CBA4-44E3-A0C6-0D672D386812}.Debug|Any CPU.Build.0 = Debug|Any CPU
		{176A81BB-CBA4-44E3-A0C6-0D672D386812}.Release|Any CPU.ActiveCfg = Release|Any CPU
		{176A81BB-CBA4-44E3-A0C6-0D672D386812}.Release|Any CPU.Build.0 = Release|Any CPU
		{193DB095-E4CB-420B-830E-B214BB3B1F64}.Debug|Any CPU.ActiveCfg = Debug|Any CPU
		{193DB095-E4CB-420B-830E-B214BB3B1F64}.Debug|Any CPU.Build.0 = Debug|Any CPU
		{193DB095-E4CB-420B-830E-B214BB3B1F64}.Release|Any CPU.ActiveCfg = Release|Any CPU
		{193DB095-E4CB-420B-830E-B214BB3B1F64}.Release|Any CPU.Build.0 = Release|Any CPU
		{D3F31489-1544-4360-888E-1E0DA40BA8E1}.Debug|Any CPU.ActiveCfg = Debug|Any CPU
		{D3F31489-1544-4360-888E-1E0DA40BA8E1}.Debug|Any CPU.Build.0 = Debug|Any CPU
		{D3F31489-1544-4360-888E-1E0DA40BA8E1}.Release|Any CPU.ActiveCfg = Release|Any CPU
		{D3F31489-1544-4360-888E-1E0DA40BA8E1}.Release|Any CPU.Build.0 = Release|Any CPU
		{B515B017-23EA-413E-9E3F-B3B1D1AAFD4E}.Debug|Any CPU.ActiveCfg = Debug|Any CPU
		{B515B017-23EA-413E-9E3F-B3B1D1AAFD4E}.Debug|Any CPU.Build.0 = Debug|Any CPU
		{B515B017-23EA-413E-9E3F-B3B1D1AAFD4E}.Release|Any CPU.ActiveCfg = Release|Any CPU
		{B515B017-23EA-413E-9E3F-B3B1D1AAFD4E}.Release|Any CPU.Build.0 = Release|Any CPU
		{428DEE36-1DA4-4A52-B180-52B284950379}.Debug|Any CPU.ActiveCfg = Debug|Any CPU
		{428DEE36-1DA4-4A52-B180-52B284950379}.Debug|Any CPU.Build.0 = Debug|Any CPU
		{428DEE36-1DA4-4A52-B180-52B284950379}.Release|Any CPU.ActiveCfg = Release|Any CPU
		{428DEE36-1DA4-4A52-B180-52B284950379}.Release|Any CPU.Build.0 = Release|Any CPU
		{F4293DBB-7C73-4EFA-8BF2-EBDBB90132AE}.Debug|Any CPU.ActiveCfg = Debug|Any CPU
		{F4293DBB-7C73-4EFA-8BF2-EBDBB90132AE}.Debug|Any CPU.Build.0 = Debug|Any CPU
		{F4293DBB-7C73-4EFA-8BF2-EBDBB90132AE}.Release|Any CPU.ActiveCfg = Release|Any CPU
		{F4293DBB-7C73-4EFA-8BF2-EBDBB90132AE}.Release|Any CPU.Build.0 = Release|Any CPU
	EndGlobalSection
	GlobalSection(SolutionProperties) = preSolution
		HideSolutionNode = FALSE
	EndGlobalSection
	GlobalSection(ExtensibilityGlobals) = postSolution
		SolutionGuid = {60C36C12-A4C4-4121-8CA8-CE59AEC9EF50}
	EndGlobalSection
EndGlobal
